PODS:
  - mokoSocketIo (0.4.0):
    - Socket.IO-Client-Swift (~> 16.1.0)
  - MultiPlatformLibrary (0.2.0)
  - Socket.IO-Client-Swift (16.1.0):
    - Starscream (~> 4.0.6)
  - Starscream (4.0.6)

DEPENDENCIES:
  - mokoSocketIo (from `../../`)
  - MultiPlatformLibrary (from `../mpp-library`)

SPEC REPOS:
  trunk:
    - Socket.IO-Client-Swift
    - Starscream

EXTERNAL SOURCES:
  mokoSocketIo:
    :path: "../../"
  MultiPlatformLibrary:
    :path: "../mpp-library"

SPEC CHECKSUMS:
  mokoSocketIo: 4e2059d80cad8927527c61515e67dbc0fd982809
  MultiPlatformLibrary: 4486066052a483da309067ef9dab1731ca41d66f
  Socket.IO-Client-Swift: ee4b8f80a3db18dd7f32b266ddf273310609443c
  Starscream: fb2c4510bebf908c62bd383bcf05e673720e91fd

PODFILE CHECKSUM: 00a487751692751474d38b77ebc888d7e057e5dd

COCOAPODS: 1.12.1
